
Microsoft Visual Studio Solution File, Format Version 12.00
# Visual Studio Version 16
VisualStudioVersion = 16.0.30011.22
MinimumVisualStudioVersion = 10.0.40219.1
Project("{FAE04EC0-301F-11D3-BF4B-00C04F79EFBC}") = "Sa_pro_chefe", "Sa_pro_chefe.csproj", "{3CE13E1A-4D3E-4444-99A9-A65293C11FC5}"
EndProject
Global
	GlobalSection(SolutionConfigurationPlatforms) = preSolution
		Debug|Any CPU = Debug|Any CPU
		Release|Any CPU = Release|Any CPU
	EndGlobalSection
	GlobalSection(ProjectConfigurationPlatforms) = postSolution
		{3CE13E1A-4D3E-4444-99A9-A65293C11FC5}.Debug|Any CPU.ActiveCfg = Debug|Any CPU
		{3CE13E1A-4D3E-4444-99A9-A65293C11FC5}.Debug|Any CPU.Build.0 = Debug|Any CPU
		{3CE13E1A-4D3E-4444-99A9-A65293C11FC5}.Release|Any CPU.ActiveCfg = Release|Any CPU
		{3CE13E1A-4D3E-4444-99A9-A65293C11FC5}.Release|Any CPU.Build.0 = Release|Any CPU
	EndGlobalSection
	GlobalSection(SolutionProperties) = preSolution
		HideSolutionNode = FALSE
	EndGlobalSection
	GlobalSection(ExtensibilityGlobals) = postSolution
		SolutionGuid = {028D107B-6620-4C6A-B478-FD29D3A50436}
	EndGlobalSection
EndGlobal
